// !$*UTF8*$!
{
	archiveVersion = 1;
	classes = {
	};
	objectVersion = 56;
	objects = {

/* Begin PBXBuildFile section */
		C0ABE8162BD3DAAF0092EB7A /* CountriesViewModel.swift in Sources */ = {isa = PBXBuildFile; fileRef = C0ABE8152BD3DAAF0092EB7A /* CountriesViewModel.swift */; };
		C0FB783B2BD3B568000E5B4F /* NationsApp.swift in Sources */ = {isa = PBXBuildFile; fileRef = C0FB783A2BD3B568000E5B4F /* NationsApp.swift */; };
		C0FB783D2BD3B568000E5B4F /* CountriesView.swift in Sources */ = {isa = PBXBuildFile; fileRef = C0FB783C2BD3B568000E5B4F /* CountriesView.swift */; };
		C0FB783F2BD3B569000E5B4F /* Assets.xcassets in Resources */ = {isa = PBXBuildFile; fileRef = C0FB783E2BD3B569000E5B4F /* Assets.xcassets */; };
		C0FB78422BD3B569000E5B4F /* Preview Assets.xcassets in Resources */ = {isa = PBXBuildFile; fileRef = C0FB78412BD3B569000E5B4F /* Preview Assets.xcassets */; };
		C0FB78562BD3B569000E5B4F /* NationsUITests.swift in Sources */ = {isa = PBXBuildFile; fileRef = C0FB78552BD3B569000E5B4F /* NationsUITests.swift */; };
		C0FB78582BD3B569000E5B4F /* NationsUITestsLaunchTests.swift in Sources */ = {isa = PBXBuildFile; fileRef = C0FB78572BD3B569000E5B4F /* NationsUITestsLaunchTests.swift */; };
		C0FB78692BD3B800000E5B4F /* Environment.swift in Sources */ = {isa = PBXBuildFile; fileRef = C0FB78662BD3B800000E5B4F /* Environment.swift */; };
		C0FB786D2BD3B90E000E5B4F /* APICountryLoaderService.swift in Sources */ = {isa = PBXBuildFile; fileRef = C0FB786C2BD3B90E000E5B4F /* APICountryLoaderService.swift */; };
		C0FB786F2BD3BA72000E5B4F /* APICountryLoaderRequest.swift in Sources */ = {isa = PBXBuildFile; fileRef = C0FB786E2BD3BA72000E5B4F /* APICountryLoaderRequest.swift */; };
		C0FB78712BD3BF79000E5B4F /* APIService.swift in Sources */ = {isa = PBXBuildFile; fileRef = C0FB78702BD3BF79000E5B4F /* APIService.swift */; };
		C0FB78732BD3C3FC000E5B4F /* CountryLoaderService.swift in Sources */ = {isa = PBXBuildFile; fileRef = C0FB78722BD3C3FC000E5B4F /* CountryLoaderService.swift */; };
		C0FB78762BD3C585000E5B4F /* CountryLoaderServiceTests.swift in Sources */ = {isa = PBXBuildFile; fileRef = C0FB78752BD3C585000E5B4F /* CountryLoaderServiceTests.swift */; };
/* End PBXBuildFile section */

/* Begin PBXContainerItemProxy section */
		C0FB78482BD3B569000E5B4F /* PBXContainerItemProxy */ = {
			isa = PBXContainerItemProxy;
			containerPortal = C0FB782F2BD3B568000E5B4F /* Project object */;
			proxyType = 1;
			remoteGlobalIDString = C0FB78362BD3B568000E5B4F;
			remoteInfo = Nations;
		};
		C0FB78522BD3B569000E5B4F /* PBXContainerItemProxy */ = {
			isa = PBXContainerItemProxy;
			containerPortal = C0FB782F2BD3B568000E5B4F /* Project object */;
			proxyType = 1;
			remoteGlobalIDString = C0FB78362BD3B568000E5B4F;
			remoteInfo = Nations;
		};
/* End PBXContainerItemProxy section */

/* Begin PBXFileReference section */
		C0ABE8152BD3DAAF0092EB7A /* CountriesViewModel.swift */ = {isa = PBXFileReference; lastKnownFileType = sourcecode.swift; path = CountriesViewModel.swift; sourceTree = "<group>"; };
		C0FB78372BD3B568000E5B4F /* Nations.app */ = {isa = PBXFileReference; explicitFileType = wrapper.application; includeInIndex = 0; path = Nations.app; sourceTree = BUILT_PRODUCTS_DIR; };
		C0FB783A2BD3B568000E5B4F /* NationsApp.swift */ = {isa = PBXFileReference; lastKnownFileType = sourcecode.swift; path = NationsApp.swift; sourceTree = "<group>"; };
		C0FB783C2BD3B568000E5B4F /* CountriesView.swift */ = {isa = PBXFileReference; lastKnownFileType = sourcecode.swift; path = CountriesView.swift; sourceTree = "<group>"; };
		C0FB783E2BD3B569000E5B4F /* Assets.xcassets */ = {isa = PBXFileReference; lastKnownFileType = folder.assetcatalog; path = Assets.xcassets; sourceTree = "<group>"; };
		C0FB78412BD3B569000E5B4F /* Preview Assets.xcassets */ = {isa = PBXFileReference; lastKnownFileType = folder.assetcatalog; path = "Preview Assets.xcassets"; sourceTree = "<group>"; };
		C0FB78472BD3B569000E5B4F /* NationsTests.xctest */ = {isa = PBXFileReference; explicitFileType = wrapper.cfbundle; includeInIndex = 0; path = NationsTests.xctest; sourceTree = BUILT_PRODUCTS_DIR; };
		C0FB78512BD3B569000E5B4F /* NationsUITests.xctest */ = {isa = PBXFileReference; explicitFileType = wrapper.cfbundle; includeInIndex = 0; path = NationsUITests.xctest; sourceTree = BUILT_PRODUCTS_DIR; };
		C0FB78552BD3B569000E5B4F /* NationsUITests.swift */ = {isa = PBXFileReference; lastKnownFileType = sourcecode.swift; path = NationsUITests.swift; sourceTree = "<group>"; };
		C0FB78572BD3B569000E5B4F /* NationsUITestsLaunchTests.swift */ = {isa = PBXFileReference; lastKnownFileType = sourcecode.swift; path = NationsUITestsLaunchTests.swift; sourceTree = "<group>"; };
		C0FB78662BD3B800000E5B4F /* Environment.swift */ = {isa = PBXFileReference; fileEncoding = 4; lastKnownFileType = sourcecode.swift; path = Environment.swift; sourceTree = "<group>"; };
		C0FB786C2BD3B90E000E5B4F /* APICountryLoaderService.swift */ = {isa = PBXFileReference; lastKnownFileType = sourcecode.swift; path = APICountryLoaderService.swift; sourceTree = "<group>"; };
		C0FB786E2BD3BA72000E5B4F /* APICountryLoaderRequest.swift */ = {isa = PBXFileReference; fileEncoding = 4; lastKnownFileType = sourcecode.swift; path = APICountryLoaderRequest.swift; sourceTree = "<group>"; };
		C0FB78702BD3BF79000E5B4F /* APIService.swift */ = {isa = PBXFileReference; lastKnownFileType = sourcecode.swift; path = APIService.swift; sourceTree = "<group>"; };
		C0FB78722BD3C3FC000E5B4F /* CountryLoaderService.swift */ = {isa = PBXFileReference; lastKnownFileType = sourcecode.swift; path = CountryLoaderService.swift; sourceTree = "<group>"; };
		C0FB78752BD3C585000E5B4F /* CountryLoaderServiceTests.swift */ = {isa = PBXFileReference; lastKnownFileType = sourcecode.swift; path = CountryLoaderServiceTests.swift; sourceTree = "<group>"; };
/* End PBXFileReference section */

/* Begin PBXFrameworksBuildPhase section */
		C0FB78342BD3B568000E5B4F /* Frameworks */ = {
			isa = PBXFrameworksBuildPhase;
			buildActionMask = 2147483647;
			files = (
			);
			runOnlyForDeploymentPostprocessing = 0;
		};
		C0FB78442BD3B569000E5B4F /* Frameworks */ = {
			isa = PBXFrameworksBuildPhase;
			buildActionMask = 2147483647;
			files = (
			);
			runOnlyForDeploymentPostprocessing = 0;
		};
		C0FB784E2BD3B569000E5B4F /* Frameworks */ = {
			isa = PBXFrameworksBuildPhase;
			buildActionMask = 2147483647;
			files = (
			);
			runOnlyForDeploymentPostprocessing = 0;
		};
/* End PBXFrameworksBuildPhase section */

/* Begin PBXGroup section */
		C0ABE8142BD3DA450092EB7A /* CountriesView */ = {
			isa = PBXGroup;
			children = (
				C0FB783C2BD3B568000E5B4F /* CountriesView.swift */,
				C0ABE8152BD3DAAF0092EB7A /* CountriesViewModel.swift */,
			);
			path = CountriesView;
			sourceTree = "<group>";
		};
		C0FB782E2BD3B568000E5B4F = {
			isa = PBXGroup;
			children = (
				C0FB78392BD3B568000E5B4F /* Nations */,
				C0FB784A2BD3B569000E5B4F /* NationsTests */,
				C0FB78542BD3B569000E5B4F /* NationsUITests */,
				C0FB78382BD3B568000E5B4F /* Products */,
			);
			sourceTree = "<group>";
		};
		C0FB78382BD3B568000E5B4F /* Products */ = {
			isa = PBXGroup;
			children = (
				C0FB78372BD3B568000E5B4F /* Nations.app */,
				C0FB78472BD3B569000E5B4F /* NationsTests.xctest */,
				C0FB78512BD3B569000E5B4F /* NationsUITests.xctest */,
			);
			name = Products;
			sourceTree = "<group>";
		};
		C0FB78392BD3B568000E5B4F /* Nations */ = {
			isa = PBXGroup;
			children = (
				C0ABE8142BD3DA450092EB7A /* CountriesView */,
				C0FB78652BD3B800000E5B4F /* Utilities */,
				C0FB78642BD3B774000E5B4F /* Service */,
				C0FB783A2BD3B568000E5B4F /* NationsApp.swift */,
				C0FB783E2BD3B569000E5B4F /* Assets.xcassets */,
				C0FB78402BD3B569000E5B4F /* Preview Content */,
			);
			path = Nations;
			sourceTree = "<group>";
		};
		C0FB78402BD3B569000E5B4F /* Preview Content */ = {
			isa = PBXGroup;
			children = (
				C0FB78412BD3B569000E5B4F /* Preview Assets.xcassets */,
			);
			path = "Preview Content";
			sourceTree = "<group>";
		};
		C0FB784A2BD3B569000E5B4F /* NationsTests */ = {
			isa = PBXGroup;
			children = (
				C0FB78752BD3C585000E5B4F /* CountryLoaderServiceTests.swift */,
			);
			path = NationsTests;
			sourceTree = "<group>";
		};
		C0FB78542BD3B569000E5B4F /* NationsUITests */ = {
			isa = PBXGroup;
			children = (
				C0FB78552BD3B569000E5B4F /* NationsUITests.swift */,
				C0FB78572BD3B569000E5B4F /* NationsUITestsLaunchTests.swift */,
			);
			path = NationsUITests;
			sourceTree = "<group>";
		};
		C0FB78642BD3B774000E5B4F /* Service */ = {
			isa = PBXGroup;
			children = (
				C0FB78742BD3C401000E5B4F /* CountryLoader */,
				C0FB78702BD3BF79000E5B4F /* APIService.swift */,
			);
			path = Service;
			sourceTree = "<group>";
		};
		C0FB78652BD3B800000E5B4F /* Utilities */ = {
			isa = PBXGroup;
			children = (
				C0FB78662BD3B800000E5B4F /* Environment.swift */,
			);
			path = Utilities;
			sourceTree = "<group>";
		};
		C0FB78742BD3C401000E5B4F /* CountryLoader */ = {
			isa = PBXGroup;
			children = (
				C0FB786E2BD3BA72000E5B4F /* APICountryLoaderRequest.swift */,
				C0FB786C2BD3B90E000E5B4F /* APICountryLoaderService.swift */,
				C0FB78722BD3C3FC000E5B4F /* CountryLoaderService.swift */,
			);
			path = CountryLoader;
			sourceTree = "<group>";
		};
/* End PBXGroup section */

/* Begin PBXNativeTarget section */
		C0FB78362BD3B568000E5B4F /* Nations */ = {
			isa = PBXNativeTarget;
			buildConfigurationList = C0FB785B2BD3B569000E5B4F /* Build configuration list for PBXNativeTarget "Nations" */;
			buildPhases = (
				C0FB78332BD3B568000E5B4F /* Sources */,
				C0FB78342BD3B568000E5B4F /* Frameworks */,
				C0FB78352BD3B568000E5B4F /* Resources */,
			);
			buildRules = (
			);
			dependencies = (
			);
			name = Nations;
			productName = Nations;
			productReference = C0FB78372BD3B568000E5B4F /* Nations.app */;
			productType = "com.apple.product-type.application";
		};
		C0FB78462BD3B569000E5B4F /* NationsTests */ = {
			isa = PBXNativeTarget;
			buildConfigurationList = C0FB785E2BD3B569000E5B4F /* Build configuration list for PBXNativeTarget "NationsTests" */;
			buildPhases = (
				C0FB78432BD3B569000E5B4F /* Sources */,
				C0FB78442BD3B569000E5B4F /* Frameworks */,
				C0FB78452BD3B569000E5B4F /* Resources */,
			);
			buildRules = (
			);
			dependencies = (
				C0FB78492BD3B569000E5B4F /* PBXTargetDependency */,
			);
			name = NationsTests;
			productName = NationsTests;
			productReference = C0FB78472BD3B569000E5B4F /* NationsTests.xctest */;
			productType = "com.apple.product-type.bundle.unit-test";
		};
		C0FB78502BD3B569000E5B4F /* NationsUITests */ = {
			isa = PBXNativeTarget;
			buildConfigurationList = C0FB78612BD3B569000E5B4F /* Build configuration list for PBXNativeTarget "NationsUITests" */;
			buildPhases = (
				C0FB784D2BD3B569000E5B4F /* Sources */,
				C0FB784E2BD3B569000E5B4F /* Frameworks */,
				C0FB784F2BD3B569000E5B4F /* Resources */,
			);
			buildRules = (
			);
			dependencies = (
				C0FB78532BD3B569000E5B4F /* PBXTargetDependency */,
			);
			name = NationsUITests;
			productName = NationsUITests;
			productReference = C0FB78512BD3B569000E5B4F /* NationsUITests.xctest */;
			productType = "com.apple.product-type.bundle.ui-testing";
		};
/* End PBXNativeTarget section */

/* Begin PBXProject section */
		C0FB782F2BD3B568000E5B4F /* Project object */ = {
			isa = PBXProject;
			attributes = {
				BuildIndependentTargetsInParallel = 1;
				LastSwiftUpdateCheck = 1500;
				LastUpgradeCheck = 1500;
				TargetAttributes = {
					C0FB78362BD3B568000E5B4F = {
						CreatedOnToolsVersion = 15.0.1;
					};
					C0FB78462BD3B569000E5B4F = {
						CreatedOnToolsVersion = 15.0.1;
						TestTargetID = C0FB78362BD3B568000E5B4F;
					};
					C0FB78502BD3B569000E5B4F = {
						CreatedOnToolsVersion = 15.0.1;
						TestTargetID = C0FB78362BD3B568000E5B4F;
					};
				};
			};
			buildConfigurationList = C0FB78322BD3B568000E5B4F /* Build configuration list for PBXProject "Nations" */;
			compatibilityVersion = "Xcode 14.0";
			developmentRegion = en;
			hasScannedForEncodings = 0;
			knownRegions = (
				en,
				Base,
			);
			mainGroup = C0FB782E2BD3B568000E5B4F;
			productRefGroup = C0FB78382BD3B568000E5B4F /* Products */;
			projectDirPath = "";
			projectRoot = "";
			targets = (
				C0FB78362BD3B568000E5B4F /* Nations */,
				C0FB78462BD3B569000E5B4F /* NationsTests */,
				C0FB78502BD3B569000E5B4F /* NationsUITests */,
			);
		};
/* End PBXProject section */

/* Begin PBXResourcesBuildPhase section */
		C0FB78352BD3B568000E5B4F /* Resources */ = {
			isa = PBXResourcesBuildPhase;
			buildActionMask = 2147483647;
			files = (
				C0FB78422BD3B569000E5B4F /* Preview Assets.xcassets in Resources */,
				C0FB783F2BD3B569000E5B4F /* Assets.xcassets in Resources */,
			);
			runOnlyForDeploymentPostprocessing = 0;
		};
		C0FB78452BD3B569000E5B4F /* Resources */ = {
			isa = PBXResourcesBuildPhase;
			buildActionMask = 2147483647;
			files = (
			);
			runOnlyForDeploymentPostprocessing = 0;
		};
		C0FB784F2BD3B569000E5B4F /* Resources */ = {
			isa = PBXResourcesBuildPhase;
			buildActionMask = 2147483647;
			files = (
			);
			runOnlyForDeploymentPostprocessing = 0;
		};
/* End PBXResourcesBuildPhase section */

/* Begin PBXSourcesBuildPhase section */
		C0FB78332BD3B568000E5B4F /* Sources */ = {
			isa = PBXSourcesBuildPhase;
			buildActionMask = 2147483647;
			files = (
				C0FB786D2BD3B90E000E5B4F /* APICountryLoaderService.swift in Sources */,
				C0FB78732BD3C3FC000E5B4F /* CountryLoaderService.swift in Sources */,
				C0FB78712BD3BF79000E5B4F /* APIService.swift in Sources */,
				C0ABE8162BD3DAAF0092EB7A /* CountriesViewModel.swift in Sources */,
				C0FB783D2BD3B568000E5B4F /* CountriesView.swift in Sources */,
				C0FB786F2BD3BA72000E5B4F /* APICountryLoaderRequest.swift in Sources */,
				C0FB78692BD3B800000E5B4F /* Environment.swift in Sources */,
				C0FB783B2BD3B568000E5B4F /* NationsApp.swift in Sources */,
			);
			runOnlyForDeploymentPostprocessing = 0;
		};
		C0FB78432BD3B569000E5B4F /* Sources */ = {
			isa = PBXSourcesBuildPhase;
			buildActionMask = 2147483647;
			files = (
				C0FB78762BD3C585000E5B4F /* CountryLoaderServiceTests.swift in Sources */,
			);
			runOnlyForDeploymentPostprocessing = 0;
		};
		C0FB784D2BD3B569000E5B4F /* Sources */ = {
			isa = PBXSourcesBuildPhase;
			buildActionMask = 2147483647;
			files = (
				C0FB78562BD3B569000E5B4F /* NationsUITests.swift in Sources */,
				C0FB78582BD3B569000E5B4F /* NationsUITestsLaunchTests.swift in Sources */,
			);
			runOnlyForDeploymentPostprocessing = 0;
		};
/* End PBXSourcesBuildPhase section */

/* Begin PBXTargetDependency section */
		C0FB78492BD3B569000E5B4F /* PBXTargetDependency */ = {
			isa = PBXTargetDependency;
			target = C0FB78362BD3B568000E5B4F /* Nations */;
			targetProxy = C0FB78482BD3B569000E5B4F /* PBXContainerItemProxy */;
		};
		C0FB78532BD3B569000E5B4F /* PBXTargetDependency */ = {
			isa = PBXTargetDependency;
			target = C0FB78362BD3B568000E5B4F /* Nations */;
			targetProxy = C0FB78522BD3B569000E5B4F /* PBXContainerItemProxy */;
		};
/* End PBXTargetDependency section */

/* Begin XCBuildConfiguration section */
		C0FB78592BD3B569000E5B4F /* Debug */ = {
			isa = XCBuildConfiguration;
			buildSettings = {
				ALWAYS_SEARCH_USER_PATHS = NO;
				ASSETCATALOG_COMPILER_GENERATE_SWIFT_ASSET_SYMBOL_EXTENSIONS = YES;
				CLANG_ANALYZER_NONNULL = YES;
				CLANG_ANALYZER_NUMBER_OBJECT_CONVERSION = YES_AGGRESSIVE;
				CLANG_CXX_LANGUAGE_STANDARD = "gnu++20";
				CLANG_ENABLE_MODULES = YES;
				CLANG_ENABLE_OBJC_ARC = YES;
				CLANG_ENABLE_OBJC_WEAK = YES;
				CLANG_WARN_BLOCK_CAPTURE_AUTORELEASING = YES;
				CLANG_WARN_BOOL_CONVERSION = YES;
				CLANG_WARN_COMMA = YES;
				CLANG_WARN_CONSTANT_CONVERSION = YES;
				CLANG_WARN_DEPRECATED_OBJC_IMPLEMENTATIONS = YES;
				CLANG_WARN_DIRECT_OBJC_ISA_USAGE = YES_ERROR;
				CLANG_WARN_DOCUMENTATION_COMMENTS = YES;
				CLANG_WARN_EMPTY_BODY = YES;
				CLANG_WARN_ENUM_CONVERSION = YES;
				CLANG_WARN_INFINITE_RECURSION = YES;
				CLANG_WARN_INT_CONVERSION = YES;
				CLANG_WARN_NON_LITERAL_NULL_CONVERSION = YES;
				CLANG_WARN_OBJC_IMPLICIT_RETAIN_SELF = YES;
				CLANG_WARN_OBJC_LITERAL_CONVERSION = YES;
				CLANG_WARN_OBJC_ROOT_CLASS = YES_ERROR;
				CLANG_WARN_QUOTED_INCLUDE_IN_FRAMEWORK_HEADER = YES;
				CLANG_WARN_RANGE_LOOP_ANALYSIS = YES;
				CLANG_WARN_STRICT_PROTOTYPES = YES;
				CLANG_WARN_SUSPICIOUS_MOVE = YES;
				CLANG_WARN_UNGUARDED_AVAILABILITY = YES_AGGRESSIVE;
				CLANG_WARN_UNREACHABLE_CODE = YES;
				CLANG_WARN__DUPLICATE_METHOD_MATCH = YES;
				COPY_PHASE_STRIP = NO;
				DEBUG_INFORMATION_FORMAT = dwarf;
				ENABLE_STRICT_OBJC_MSGSEND = YES;
				ENABLE_TESTABILITY = YES;
				ENABLE_USER_SCRIPT_SANDBOXING = YES;
				GCC_C_LANGUAGE_STANDARD = gnu17;
				GCC_DYNAMIC_NO_PIC = NO;
				GCC_NO_COMMON_BLOCKS = YES;
				GCC_OPTIMIZATION_LEVEL = 0;
				GCC_PREPROCESSOR_DEFINITIONS = (
					"DEBUG=1",
					"$(inherited)",
				);
				GCC_WARN_64_TO_32_BIT_CONVERSION = YES;
				GCC_WARN_ABOUT_RETURN_TYPE = YES_ERROR;
				GCC_WARN_UNDECLARED_SELECTOR = YES;
				GCC_WARN_UNINITIALIZED_AUTOS = YES_AGGRESSIVE;
				GCC_WARN_UNUSED_FUNCTION = YES;
				GCC_WARN_UNUSED_VARIABLE = YES;
				IPHONEOS_DEPLOYMENT_TARGET = 17.0;
				LOCALIZATION_PREFERS_STRING_CATALOGS = YES;
				MTL_ENABLE_DEBUG_INFO = INCLUDE_SOURCE;
				MTL_FAST_MATH = YES;
				ONLY_ACTIVE_ARCH = YES;
				SDKROOT = iphoneos;
				SWIFT_ACTIVE_COMPILATION_CONDITIONS = "DEBUG $(inherited)";
				SWIFT_OPTIMIZATION_LEVEL = "-Onone";
			};
			name = Debug;
		};
		C0FB785A2BD3B569000E5B4F /* Release */ = {
			isa = XCBuildConfiguration;
			buildSettings = {
				ALWAYS_SEARCH_USER_PATHS = NO;
				ASSETCATALOG_COMPILER_GENERATE_SWIFT_ASSET_SYMBOL_EXTENSIONS = YES;
				CLANG_ANALYZER_NONNULL = YES;
				CLANG_ANALYZER_NUMBER_OBJECT_CONVERSION = YES_AGGRESSIVE;
				CLANG_CXX_LANGUAGE_STANDARD = "gnu++20";
				CLANG_ENABLE_MODULES = YES;
				CLANG_ENABLE_OBJC_ARC = YES;
				CLANG_ENABLE_OBJC_WEAK = YES;
				CLANG_WARN_BLOCK_CAPTURE_AUTORELEASING = YES;
				CLANG_WARN_BOOL_CONVERSION = YES;
				CLANG_WARN_COMMA = YES;
				CLANG_WARN_CONSTANT_CONVERSION = YES;
				CLANG_WARN_DEPRECATED_OBJC_IMPLEMENTATIONS = YES;
				CLANG_WARN_DIRECT_OBJC_ISA_USAGE = YES_ERROR;
				CLANG_WARN_DOCUMENTATION_COMMENTS = YES;
				CLANG_WARN_EMPTY_BODY = YES;
				CLANG_WARN_ENUM_CONVERSION = YES;
				CLANG_WARN_INFINITE_RECURSION = YES;
				CLANG_WARN_INT_CONVERSION = YES;
				CLANG_WARN_NON_LITERAL_NULL_CONVERSION = YES;
				CLANG_WARN_OBJC_IMPLICIT_RETAIN_SELF = YES;
				CLANG_WARN_OBJC_LITERAL_CONVERSION = YES;
				CLANG_WARN_OBJC_ROOT_CLASS = YES_ERROR;
				CLANG_WARN_QUOTED_INCLUDE_IN_FRAMEWORK_HEADER = YES;
				CLANG_WARN_RANGE_LOOP_ANALYSIS = YES;
				CLANG_WARN_STRICT_PROTOTYPES = YES;
				CLANG_WARN_SUSPICIOUS_MOVE = YES;
				CLANG_WARN_UNGUARDED_AVAILABILITY = YES_AGGRESSIVE;
				CLANG_WARN_UNREACHABLE_CODE = YES;
				CLANG_WARN__DUPLICATE_METHOD_MATCH = YES;
				COPY_PHASE_STRIP = NO;
				DEBUG_INFORMATION_FORMAT = "dwarf-with-dsym";
				ENABLE_NS_ASSERTIONS = NO;
				ENABLE_STRICT_OBJC_MSGSEND = YES;
				ENABLE_USER_SCRIPT_SANDBOXING = YES;
				GCC_C_LANGUAGE_STANDARD = gnu17;
				GCC_NO_COMMON_BLOCKS = YES;
				GCC_WARN_64_TO_32_BIT_CONVERSION = YES;
				GCC_WARN_ABOUT_RETURN_TYPE = YES_ERROR;
				GCC_WARN_UNDECLARED_SELECTOR = YES;
				GCC_WARN_UNINITIALIZED_AUTOS = YES_AGGRESSIVE;
				GCC_WARN_UNUSED_FUNCTION = YES;
				GCC_WARN_UNUSED_VARIABLE = YES;
				IPHONEOS_DEPLOYMENT_TARGET = 17.0;
				LOCALIZATION_PREFERS_STRING_CATALOGS = YES;
				MTL_ENABLE_DEBUG_INFO = NO;
				MTL_FAST_MATH = YES;
				SDKROOT = iphoneos;
				SWIFT_COMPILATION_MODE = wholemodule;
				VALIDATE_PRODUCT = YES;
			};
			name = Release;
		};
		C0FB785C2BD3B569000E5B4F /* Debug */ = {
			isa = XCBuildConfiguration;
			buildSettings = {
				ASSETCATALOG_COMPILER_APPICON_NAME = AppIcon;
				ASSETCATALOG_COMPILER_GLOBAL_ACCENT_COLOR_NAME = AccentColor;
				CODE_SIGN_STYLE = Automatic;
				CURRENT_PROJECT_VERSION = 1;
				DEVELOPMENT_ASSET_PATHS = "\"Nations/Preview Content\"";
				DEVELOPMENT_TEAM = 6429AL7GXR;
				ENABLE_PREVIEWS = YES;
				GENERATE_INFOPLIST_FILE = YES;
				INFOPLIST_KEY_UIApplicationSceneManifest_Generation = YES;
				INFOPLIST_KEY_UIApplicationSupportsIndirectInputEvents = YES;
				INFOPLIST_KEY_UILaunchScreen_Generation = YES;
				INFOPLIST_KEY_UISupportedInterfaceOrientations_iPad = "UIInterfaceOrientationPortrait UIInterfaceOrientationPortraitUpsideDown UIInterfaceOrientationLandscapeLeft UIInterfaceOrientationLandscapeRight";
				INFOPLIST_KEY_UISupportedInterfaceOrientations_iPhone = "UIInterfaceOrientationPortrait UIInterfaceOrientationLandscapeLeft UIInterfaceOrientationLandscapeRight";
				LD_RUNPATH_SEARCH_PATHS = (
					"$(inherited)",
					"@executable_path/Frameworks",
				);
				MARKETING_VERSION = 1.0;
				PRODUCT_BUNDLE_IDENTIFIER = com.iosDev.Nations;
				PRODUCT_NAME = "$(TARGET_NAME)";
				SWIFT_EMIT_LOC_STRINGS = YES;
				SWIFT_VERSION = 5.0;
				TARGETED_DEVICE_FAMILY = "1,2";
			};
			name = Debug;
		};
		C0FB785D2BD3B569000E5B4F /* Release */ = {
			isa = XCBuildConfiguration;
			buildSettings = {
				ASSETCATALOG_COMPILER_APPICON_NAME = AppIcon;
				ASSETCATALOG_COMPILER_GLOBAL_ACCENT_COLOR_NAME = AccentColor;
				CODE_SIGN_STYLE = Automatic;
				CURRENT_PROJECT_VERSION = 1;
				DEVELOPMENT_ASSET_PATHS = "\"Nations/Preview Content\"";
				DEVELOPMENT_TEAM = 6429AL7GXR;
				ENABLE_PREVIEWS = YES;
				GENERATE_INFOPLIST_FILE = YES;
				INFOPLIST_KEY_UIApplicationSceneManifest_Generation = YES;
				INFOPLIST_KEY_UIApplicationSupportsIndirectInputEvents = YES;
				INFOPLIST_KEY_UILaunchScreen_Generation = YES;
				INFOPLIST_KEY_UISupportedInterfaceOrientations_iPad = "UIInterfaceOrientationPortrait UIInterfaceOrientationPortraitUpsideDown UIInterfaceOrientationLandscapeLeft UIInterfaceOrientationLandscapeRight";
				INFOPLIST_KEY_UISupportedInterfaceOrientations_iPhone = "UIInterfaceOrientationPortrait UIInterfaceOrientationLandscapeLeft UIInterfaceOrientationLandscapeRight";
				LD_RUNPATH_SEARCH_PATHS = (
					"$(inherited)",
					"@executable_path/Frameworks",
				);
				MARKETING_VERSION = 1.0;
				PRODUCT_BUNDLE_IDENTIFIER = com.iosDev.Nations;
				PRODUCT_NAME = "$(TARGET_NAME)";
				SWIFT_EMIT_LOC_STRINGS = YES;
				SWIFT_VERSION = 5.0;
				TARGETED_DEVICE_FAMILY = "1,2";
			};
			name = Release;
		};
		C0FB785F2BD3B569000E5B4F /* Debug */ = {
			isa = XCBuildConfiguration;
			buildSettings = {
				ALWAYS_EMBED_SWIFT_STANDARD_LIBRARIES = YES;
				BUNDLE_LOADER = "$(TEST_HOST)";
				CODE_SIGN_STYLE = Automatic;
				CURRENT_PROJECT_VERSION = 1;
				DEVELOPMENT_TEAM = 6429AL7GXR;
				GENERATE_INFOPLIST_FILE = YES;
				IPHONEOS_DEPLOYMENT_TARGET = 17.0;
				MARKETING_VERSION = 1.0;
				PRODUCT_BUNDLE_IDENTIFIER = com.iosDev.NationsTests;
				PRODUCT_NAME = "$(TARGET_NAME)";
				SWIFT_EMIT_LOC_STRINGS = NO;
				SWIFT_VERSION = 5.0;
				TARGETED_DEVICE_FAMILY = "1,2";
				TEST_HOST = "$(BUILT_PRODUCTS_DIR)/Nations.app/$(BUNDLE_EXECUTABLE_FOLDER_PATH)/Nations";
			};
			name = Debug;
		};
		C0FB78602BD3B569000E5B4F /* Release */ = {
			isa = XCBuildConfiguration;
			buildSettings = {
				ALWAYS_EMBED_SWIFT_STANDARD_LIBRARIES = YES;
				BUNDLE_LOADER = "$(TEST_HOST)";
				CODE_SIGN_STYLE = Automatic;
				CURRENT_PROJECT_VERSION = 1;
				DEVELOPMENT_TEAM = 6429AL7GXR;
				GENERATE_INFOPLIST_FILE = YES;
				IPHONEOS_DEPLOYMENT_TARGET = 17.0;
				MARKETING_VERSION = 1.0;
				PRODUCT_BUNDLE_IDENTIFIER = com.iosDev.NationsTests;
				PRODUCT_NAME = "$(TARGET_NAME)";
				SWIFT_EMIT_LOC_STRINGS = NO;
				SWIFT_VERSION = 5.0;
				TARGETED_DEVICE_FAMILY = "1,2";
				TEST_HOST = "$(BUILT_PRODUCTS_DIR)/Nations.app/$(BUNDLE_EXECUTABLE_FOLDER_PATH)/Nations";
			};
			name = Release;
		};
		C0FB78622BD3B569000E5B4F /* Debug */ = {
			isa = XCBuildConfiguration;
			buildSettings = {
				ALWAYS_EMBED_SWIFT_STANDARD_LIBRARIES = YES;
				CODE_SIGN_STYLE = Automatic;
				CURRENT_PROJECT_VERSION = 1;
				DEVELOPMENT_TEAM = 6429AL7GXR;
				GENERATE_INFOPLIST_FILE = YES;
				MARKETING_VERSION = 1.0;
				PRODUCT_BUNDLE_IDENTIFIER = com.iosDev.NationsUITests;
				PRODUCT_NAME = "$(TARGET_NAME)";
				SWIFT_EMIT_LOC_STRINGS = NO;
				SWIFT_VERSION = 5.0;
				TARGETED_DEVICE_FAMILY = "1,2";
				TEST_TARGET_NAME = Nations;
			};
			name = Debug;
		};
		C0FB78632BD3B569000E5B4F /* Release */ = {
			isa = XCBuildConfiguration;
			buildSettings = {
				ALWAYS_EMBED_SWIFT_STANDARD_LIBRARIES = YES;
				CODE_SIGN_STYLE = Automatic;
				CURRENT_PROJECT_VERSION = 1;
				DEVELOPMENT_TEAM = 6429AL7GXR;
				GENERATE_INFOPLIST_FILE = YES;
				MARKETING_VERSION = 1.0;
				PRODUCT_BUNDLE_IDENTIFIER = com.iosDev.NationsUITests;
				PRODUCT_NAME = "$(TARGET_NAME)";
				SWIFT_EMIT_LOC_STRINGS = NO;
				SWIFT_VERSION = 5.0;
				TARGETED_DEVICE_FAMILY = "1,2";
				TEST_TARGET_NAME = Nations;
			};
			name = Release;
		};
/* End XCBuildConfiguration section */

/* Begin XCConfigurationList section */
		C0FB78322BD3B568000E5B4F /* Build configuration list for PBXProject "Nations" */ = {
			isa = XCConfigurationList;
			buildConfigurations = (
				C0FB78592BD3B569000E5B4F /* Debug */,
				C0FB785A2BD3B569000E5B4F /* Release */,
			);
			defaultConfigurationIsVisible = 0;
			defaultConfigurationName = Release;
		};
		C0FB785B2BD3B569000E5B4F /* Build configuration list for PBXNativeTarget "Nations" */ = {
			isa = XCConfigurationList;
			buildConfigurations = (
				C0FB785C2BD3B569000E5B4F /* Debug */,
				C0FB785D2BD3B569000E5B4F /* Release */,
			);
			defaultConfigurationIsVisible = 0;
			defaultConfigurationName = Release;
		};
		C0FB785E2BD3B569000E5B4F /* Build configuration list for PBXNativeTarget "NationsTests" */ = {
			isa = XCConfigurationList;
			buildConfigurations = (
				C0FB785F2BD3B569000E5B4F /* Debug */,
				C0FB78602BD3B569000E5B4F /* Release */,
			);
			defaultConfigurationIsVisible = 0;
			defaultConfigurationName = Release;
		};
		C0FB78612BD3B569000E5B4F /* Build configuration list for PBXNativeTarget "NationsUITests" */ = {
			isa = XCConfigurationList;
			buildConfigurations = (
				C0FB78622BD3B569000E5B4F /* Debug */,
				C0FB78632BD3B569000E5B4F /* Release */,
			);
			defaultConfigurationIsVisible = 0;
			defaultConfigurationName = Release;
		};
/* End XCConfigurationList section */
	};
	rootObject = C0FB782F2BD3B568000E5B4F /* Project object */;
}
